// !$*UTF8*$!
{
	archiveVersion = 1;
	classes = {
	};
	objectVersion = 56;
	objects = {

/* Begin PBXBuildFile section */
		609EBC4C2CA5E38500A4C0AA /* KnightPlayer.swift in Sources */ = {isa = PBXBuildFile; fileRef = 609EBC4B2CA5E38500A4C0AA /* KnightPlayer.swift */; };
		60AB02AD2C9DF0F5005B76A1 /* Lab05App.swift in Sources */ = {isa = PBXBuildFile; fileRef = 60AB02AC2C9DF0F5005B76A1 /* Lab05App.swift */; };
		60AB02AF2C9DF0F5005B76A1 /* ContentView.swift in Sources */ = {isa = PBXBuildFile; fileRef = 60AB02AE2C9DF0F5005B76A1 /* ContentView.swift */; };
		60AB02B12C9DF0F6005B76A1 /* Assets.xcassets in Resources */ = {isa = PBXBuildFile; fileRef = 60AB02B02C9DF0F6005B76A1 /* Assets.xcassets */; };
		60AB02B42C9DF0F6005B76A1 /* Preview Assets.xcassets in Resources */ = {isa = PBXBuildFile; fileRef = 60AB02B32C9DF0F6005B76A1 /* Preview Assets.xcassets */; };
		60AB02BC2C9DF1C2005B76A1 /* Knight.swift in Sources */ = {isa = PBXBuildFile; fileRef = 60AB02BB2C9DF1C2005B76A1 /* Knight.swift */; };
/* End PBXBuildFile section */

/* Begin PBXFileReference section */
		609EBC4B2CA5E38500A4C0AA /* KnightPlayer.swift */ = {isa = PBXFileReference; lastKnownFileType = sourcecode.swift; path = KnightPlayer.swift; sourceTree = "<group>"; };
		60AB02A92C9DF0F5005B76A1 /* Lab05.app */ = {isa = PBXFileReference; explicitFileType = wrapper.application; includeInIndex = 0; path = Lab05.app; sourceTree = BUILT_PRODUCTS_DIR; };
		60AB02AC2C9DF0F5005B76A1 /* Lab05App.swift */ = {isa = PBXFileReference; lastKnownFileType = sourcecode.swift; path = Lab05App.swift; sourceTree = "<group>"; };
		60AB02AE2C9DF0F5005B76A1 /* ContentView.swift */ = {isa = PBXFileReference; lastKnownFileType = sourcecode.swift; path = ContentView.swift; sourceTree = "<group>"; };
		60AB02B02C9DF0F6005B76A1 /* Assets.xcassets */ = {isa = PBXFileReference; lastKnownFileType = folder.assetcatalog; path = Assets.xcassets; sourceTree = "<group>"; };
		60AB02B32C9DF0F6005B76A1 /* Preview Assets.xcassets */ = {isa = PBXFileReference; lastKnownFileType = folder.assetcatalog; path = "Preview Assets.xcassets"; sourceTree = "<group>"; };
		60AB02BB2C9DF1C2005B76A1 /* Knight.swift */ = {isa = PBXFileReference; lastKnownFileType = sourcecode.swift; path = Knight.swift; sourceTree = "<group>"; };
/* End PBXFileReference section */

/* Begin PBXFrameworksBuildPhase section */
		60AB02A62C9DF0F5005B76A1 /* Frameworks */ = {
			isa = PBXFrameworksBuildPhase;
			buildActionMask = 2147483647;
			files = (
			);
			runOnlyForDeploymentPostprocessing = 0;
		};
/* End PBXFrameworksBuildPhase section */

/* Begin PBXGroup section */
		609EBC4A2CA5E37100A4C0AA /* ViewModels */ = {
			isa = PBXGroup;
			children = (
				609EBC4B2CA5E38500A4C0AA /* KnightPlayer.swift */,
			);
			path = ViewModels;
			sourceTree = "<group>";
		};
		60AB02A02C9DF0F5005B76A1 = {
			isa = PBXGroup;
			children = (
				60AB02AB2C9DF0F5005B76A1 /* Lab05 */,
				60AB02AA2C9DF0F5005B76A1 /* Products */,
			);
			sourceTree = "<group>";
		};
		60AB02AA2C9DF0F5005B76A1 /* Products */ = {
			isa = PBXGroup;
			children = (
				60AB02A92C9DF0F5005B76A1 /* Lab05.app */,
			);
			name = Products;
			sourceTree = "<group>";
		};
		60AB02AB2C9DF0F5005B76A1 /* Lab05 */ = {
			isa = PBXGroup;
			children = (
				609EBC4A2CA5E37100A4C0AA /* ViewModels */,
				60AB02BA2C9DF1B3005B76A1 /* Models */,
				60AB02AC2C9DF0F5005B76A1 /* Lab05App.swift */,
				60AB02AE2C9DF0F5005B76A1 /* ContentView.swift */,
				60AB02B02C9DF0F6005B76A1 /* Assets.xcassets */,
				60AB02B22C9DF0F6005B76A1 /* Preview Content */,
			);
			path = Lab05;
			sourceTree = "<group>";
		};
		60AB02B22C9DF0F6005B76A1 /* Preview Content */ = {
			isa = PBXGroup;
			children = (
				60AB02B32C9DF0F6005B76A1 /* Preview Assets.xcassets */,
			);
			path = "Preview Content";
			sourceTree = "<group>";
		};
		60AB02BA2C9DF1B3005B76A1 /* Models */ = {
			isa = PBXGroup;
			children = (
				60AB02BB2C9DF1C2005B76A1 /* Knight.swift */,
			);
			path = Models;
			sourceTree = "<group>";
		};
/* End PBXGroup section */

/* Begin PBXNativeTarget section */
		60AB02A82C9DF0F5005B76A1 /* Lab05 */ = {
			isa = PBXNativeTarget;
			buildConfigurationList = 60AB02B72C9DF0F6005B76A1 /* Build configuration list for PBXNativeTarget "Lab05" */;
			buildPhases = (
				60AB02A52C9DF0F5005B76A1 /* Sources */,
				60AB02A62C9DF0F5005B76A1 /* Frameworks */,
				60AB02A72C9DF0F5005B76A1 /* Resources */,
			);
			buildRules = (
			);
			dependencies = (
			);
			name = Lab05;
			productName = Lab05;
			productReference = 60AB02A92C9DF0F5005B76A1 /* Lab05.app */;
			productType = "com.apple.product-type.application";
		};
/* End PBXNativeTarget section */

/* Begin PBXProject section */
		60AB02A12C9DF0F5005B76A1 /* Project object */ = {
			isa = PBXProject;
			attributes = {
				BuildIndependentTargetsInParallel = 1;
				LastSwiftUpdateCheck = 1530;
				LastUpgradeCheck = 1530;
				TargetAttributes = {
					60AB02A82C9DF0F5005B76A1 = {
						CreatedOnToolsVersion = 15.3;
					};
				};
			};
			buildConfigurationList = 60AB02A42C9DF0F5005B76A1 /* Build configuration list for PBXProject "Lab05" */;
			compatibilityVersion = "Xcode 14.0";
			developmentRegion = en;
			hasScannedForEncodings = 0;
			knownRegions = (
				en,
				Base,
			);
			mainGroup = 60AB02A02C9DF0F5005B76A1;
			productRefGroup = 60AB02AA2C9DF0F5005B76A1 /* Products */;
			projectDirPath = "";
			projectRoot = "";
			targets = (
				60AB02A82C9DF0F5005B76A1 /* Lab05 */,
			);
		};
/* End PBXProject section */

/* Begin PBXResourcesBuildPhase section */
		60AB02A72C9DF0F5005B76A1 /* Resources */ = {
			isa = PBXResourcesBuildPhase;
			buildActionMask = 2147483647;
			files = (
				60AB02B42C9DF0F6005B76A1 /* Preview Assets.xcassets in Resources */,
				60AB02B12C9DF0F6005B76A1 /* Assets.xcassets in Resources */,
			);
			runOnlyForDeploymentPostprocessing = 0;
		};
/* End PBXResourcesBuildPhase section */

/* Begin PBXSourcesBuildPhase section */
		60AB02A52C9DF0F5005B76A1 /* Sources */ = {
			isa = PBXSourcesBuildPhase;
			buildActionMask = 2147483647;
			files = (
				60AB02AF2C9DF0F5005B76A1 /* ContentView.swift in Sources */,
				60AB02BC2C9DF1C2005B76A1 /* Knight.swift in Sources */,
				60AB02AD2C9DF0F5005B76A1 /* Lab05App.swift in Sources */,
				609EBC4C2CA5E38500A4C0AA /* KnightPlayer.swift in Sources */,
			);
			runOnlyForDeploymentPostprocessing = 0;
		};
/* End PBXSourcesBuildPhase section */

/* Begin XCBuildConfiguration section */
		60AB02B52C9DF0F6005B76A1 /* Debug */ = {
			isa = XCBuildConfiguration;
			buildSettings = {
				ALWAYS_SEARCH_USER_PATHS = NO;
				ASSETCATALOG_COMPILER_GENERATE_SWIFT_ASSET_SYMBOL_EXTENSIONS = YES;
				CLANG_ANALYZER_NONNULL = YES;
				CLANG_ANALYZER_NUMBER_OBJECT_CONVERSION = YES_AGGRESSIVE;
				CLANG_CXX_LANGUAGE_STANDARD = "gnu++20";
				CLANG_ENABLE_MODULES = YES;
				CLANG_ENABLE_OBJC_ARC = YES;
				CLANG_ENABLE_OBJC_WEAK = YES;
				CLANG_WARN_BLOCK_CAPTURE_AUTORELEASING = YES;
				CLANG_WARN_BOOL_CONVERSION = YES;
				CLANG_WARN_COMMA = YES;
				CLANG_WARN_CONSTANT_CONVERSION = YES;
				CLANG_WARN_DEPRECATED_OBJC_IMPLEMENTATIONS = YES;
				CLANG_WARN_DIRECT_OBJC_ISA_USAGE = YES_ERROR;
				CLANG_WARN_DOCUMENTATION_COMMENTS = YES;
				CLANG_WARN_EMPTY_BODY = YES;
				CLANG_WARN_ENUM_CONVERSION = YES;
				CLANG_WARN_INFINITE_RECURSION = YES;
				CLANG_WARN_INT_CONVERSION = YES;
				CLANG_WARN_NON_LITERAL_NULL_CONVERSION = YES;
				CLANG_WARN_OBJC_IMPLICIT_RETAIN_SELF = YES;
				CLANG_WARN_OBJC_LITERAL_CONVERSION = YES;
				CLANG_WARN_OBJC_ROOT_CLASS = YES_ERROR;
				CLANG_WARN_QUOTED_INCLUDE_IN_FRAMEWORK_HEADER = YES;
				CLANG_WARN_RANGE_LOOP_ANALYSIS = YES;
				CLANG_WARN_STRICT_PROTOTYPES = YES;
				CLANG_WARN_SUSPICIOUS_MOVE = YES;
				CLANG_WARN_UNGUARDED_AVAILABILITY = YES_AGGRESSIVE;
				CLANG_WARN_UNREACHABLE_CODE = YES;
				CLANG_WARN__DUPLICATE_METHOD_MATCH = YES;
				COPY_PHASE_STRIP = NO;
				DEBUG_INFORMATION_FORMAT = dwarf;
				ENABLE_STRICT_OBJC_MSGSEND = YES;
				ENABLE_TESTABILITY = YES;
				ENABLE_USER_SCRIPT_SANDBOXING = YES;
				GCC_C_LANGUAGE_STANDARD = gnu17;
				GCC_DYNAMIC_NO_PIC = NO;
				GCC_NO_COMMON_BLOCKS = YES;
				GCC_OPTIMIZATION_LEVEL = 0;
				GCC_PREPROCESSOR_DEFINITIONS = (
					"DEBUG=1",
					"$(inherited)",
				);
				GCC_WARN_64_TO_32_BIT_CONVERSION = YES;
				GCC_WARN_ABOUT_RETURN_TYPE = YES_ERROR;
				GCC_WARN_UNDECLARED_SELECTOR = YES;
				GCC_WARN_UNINITIALIZED_AUTOS = YES_AGGRESSIVE;
				GCC_WARN_UNUSED_FUNCTION = YES;
				GCC_WARN_UNUSED_VARIABLE = YES;
				IPHONEOS_DEPLOYMENT_TARGET = 17.4;
				LOCALIZATION_PREFERS_STRING_CATALOGS = YES;
				MTL_ENABLE_DEBUG_INFO = INCLUDE_SOURCE;
				MTL_FAST_MATH = YES;
				ONLY_ACTIVE_ARCH = YES;
				SDKROOT = iphoneos;
				SWIFT_ACTIVE_COMPILATION_CONDITIONS = "DEBUG $(inherited)";
				SWIFT_OPTIMIZATION_LEVEL = "-Onone";
			};
			name = Debug;
		};
		60AB02B62C9DF0F6005B76A1 /* Release */ = {
			isa = XCBuildConfiguration;
			buildSettings = {
				ALWAYS_SEARCH_USER_PATHS = NO;
				ASSETCATALOG_COMPILER_GENERATE_SWIFT_ASSET_SYMBOL_EXTENSIONS = YES;
				CLANG_ANALYZER_NONNULL = YES;
				CLANG_ANALYZER_NUMBER_OBJECT_CONVERSION = YES_AGGRESSIVE;
				CLANG_CXX_LANGUAGE_STANDARD = "gnu++20";
				CLANG_ENABLE_MODULES = YES;
				CLANG_ENABLE_OBJC_ARC = YES;
				CLANG_ENABLE_OBJC_WEAK = YES;
				CLANG_WARN_BLOCK_CAPTURE_AUTORELEASING = YES;
				CLANG_WARN_BOOL_CONVERSION = YES;
				CLANG_WARN_COMMA = YES;
				CLANG_WARN_CONSTANT_CONVERSION = YES;
				CLANG_WARN_DEPRECATED_OBJC_IMPLEMENTATIONS = YES;
				CLANG_WARN_DIRECT_OBJC_ISA_USAGE = YES_ERROR;
				CLANG_WARN_DOCUMENTATION_COMMENTS = YES;
				CLANG_WARN_EMPTY_BODY = YES;
				CLANG_WARN_ENUM_CONVERSION = YES;
				CLANG_WARN_INFINITE_RECURSION = YES;
				CLANG_WARN_INT_CONVERSION = YES;
				CLANG_WARN_NON_LITERAL_NULL_CONVERSION = YES;
				CLANG_WARN_OBJC_IMPLICIT_RETAIN_SELF = YES;
				CLANG_WARN_OBJC_LITERAL_CONVERSION = YES;
				CLANG_WARN_OBJC_ROOT_CLASS = YES_ERROR;
				CLANG_WARN_QUOTED_INCLUDE_IN_FRAMEWORK_HEADER = YES;
				CLANG_WARN_RANGE_LOOP_ANALYSIS = YES;
				CLANG_WARN_STRICT_PROTOTYPES = YES;
				CLANG_WARN_SUSPICIOUS_MOVE = YES;
				CLANG_WARN_UNGUARDED_AVAILABILITY = YES_AGGRESSIVE;
				CLANG_WARN_UNREACHABLE_CODE = YES;
				CLANG_WARN__DUPLICATE_METHOD_MATCH = YES;
				COPY_PHASE_STRIP = NO;
				DEBUG_INFORMATION_FORMAT = "dwarf-with-dsym";
				ENABLE_NS_ASSERTIONS = NO;
				ENABLE_STRICT_OBJC_MSGSEND = YES;
				ENABLE_USER_SCRIPT_SANDBOXING = YES;
				GCC_C_LANGUAGE_STANDARD = gnu17;
				GCC_NO_COMMON_BLOCKS = YES;
				GCC_WARN_64_TO_32_BIT_CONVERSION = YES;
				GCC_WARN_ABOUT_RETURN_TYPE = YES_ERROR;
				GCC_WARN_UNDECLARED_SELECTOR = YES;
				GCC_WARN_UNINITIALIZED_AUTOS = YES_AGGRESSIVE;
				GCC_WARN_UNUSED_FUNCTION = YES;
				GCC_WARN_UNUSED_VARIABLE = YES;
				IPHONEOS_DEPLOYMENT_TARGET = 17.4;
				LOCALIZATION_PREFERS_STRING_CATALOGS = YES;
				MTL_ENABLE_DEBUG_INFO = NO;
				MTL_FAST_MATH = YES;
				SDKROOT = iphoneos;
				SWIFT_COMPILATION_MODE = wholemodule;
				VALIDATE_PRODUCT = YES;
			};
			name = Release;
		};
		60AB02B82C9DF0F6005B76A1 /* Debug */ = {
			isa = XCBuildConfiguration;
			buildSettings = {
				ASSETCATALOG_COMPILER_APPICON_NAME = AppIcon;
				ASSETCATALOG_COMPILER_GLOBAL_ACCENT_COLOR_NAME = AccentColor;
				CODE_SIGN_STYLE = Automatic;
				CURRENT_PROJECT_VERSION = 1;
				DEVELOPMENT_ASSET_PATHS = "\"Lab05/Preview Content\"";
				DEVELOPMENT_TEAM = 75N76CDRJ2;
				ENABLE_PREVIEWS = YES;
				GENERATE_INFOPLIST_FILE = YES;
				INFOPLIST_KEY_UIApplicationSceneManifest_Generation = YES;
				INFOPLIST_KEY_UIApplicationSupportsIndirectInputEvents = YES;
				INFOPLIST_KEY_UILaunchScreen_Generation = YES;
				INFOPLIST_KEY_UISupportedInterfaceOrientations_iPad = "UIInterfaceOrientationPortrait UIInterfaceOrientationPortraitUpsideDown UIInterfaceOrientationLandscapeLeft UIInterfaceOrientationLandscapeRight";
				INFOPLIST_KEY_UISupportedInterfaceOrientations_iPhone = "UIInterfaceOrientationPortrait UIInterfaceOrientationLandscapeLeft UIInterfaceOrientationLandscapeRight";
				LD_RUNPATH_SEARCH_PATHS = (
					"$(inherited)",
					"@executable_path/Frameworks",
				);
				MARKETING_VERSION = 1.0;
				PRODUCT_BUNDLE_IDENTIFIER = edu.cedarville.itm3300.joelward.Lab05;
				PRODUCT_NAME = "$(TARGET_NAME)";
				SWIFT_EMIT_LOC_STRINGS = YES;
				SWIFT_VERSION = 5.0;
				TARGETED_DEVICE_FAMILY = "1,2";
			};
			name = Debug;
		};
		60AB02B92C9DF0F6005B76A1 /* Release */ = {
			isa = XCBuildConfiguration;
			buildSettings = {
				ASSETCATALOG_COMPILER_APPICON_NAME = AppIcon;
				ASSETCATALOG_COMPILER_GLOBAL_ACCENT_COLOR_NAME = AccentColor;
				CODE_SIGN_STYLE = Automatic;
				CURRENT_PROJECT_VERSION = 1;
				DEVELOPMENT_ASSET_PATHS = "\"Lab05/Preview Content\"";
				DEVELOPMENT_TEAM = 75N76CDRJ2;
				ENABLE_PREVIEWS = YES;
				GENERATE_INFOPLIST_FILE = YES;
				INFOPLIST_KEY_UIApplicationSceneManifest_Generation = YES;
				INFOPLIST_KEY_UIApplicationSupportsIndirectInputEvents = YES;
				INFOPLIST_KEY_UILaunchScreen_Generation = YES;
				INFOPLIST_KEY_UISupportedInterfaceOrientations_iPad = "UIInterfaceOrientationPortrait UIInterfaceOrientationPortraitUpsideDown UIInterfaceOrientationLandscapeLeft UIInterfaceOrientationLandscapeRight";
				INFOPLIST_KEY_UISupportedInterfaceOrientations_iPhone = "UIInterfaceOrientationPortrait UIInterfaceOrientationLandscapeLeft UIInterfaceOrientationLandscapeRight";
				LD_RUNPATH_SEARCH_PATHS = (
					"$(inherited)",
					"@executable_path/Frameworks",
				);
				MARKETING_VERSION = 1.0;
				PRODUCT_BUNDLE_IDENTIFIER = edu.cedarville.itm3300.joelward.Lab05;
				PRODUCT_NAME = "$(TARGET_NAME)";
				SWIFT_EMIT_LOC_STRINGS = YES;
				SWIFT_VERSION = 5.0;
				TARGETED_DEVICE_FAMILY = "1,2";
			};
			name = Release;
		};
/* End XCBuildConfiguration section */

/* Begin XCConfigurationList section */
		60AB02A42C9DF0F5005B76A1 /* Build configuration list for PBXProject "Lab05" */ = {
			isa = XCConfigurationList;
			buildConfigurations = (
				60AB02B52C9DF0F6005B76A1 /* Debug */,
				60AB02B62C9DF0F6005B76A1 /* Release */,
			);
			defaultConfigurationIsVisible = 0;
			defaultConfigurationName = Release;
		};
		60AB02B72C9DF0F6005B76A1 /* Build configuration list for PBXNativeTarget "Lab05" */ = {
			isa = XCConfigurationList;
			buildConfigurations = (
				60AB02B82C9DF0F6005B76A1 /* Debug */,
				60AB02B92C9DF0F6005B76A1 /* Release */,
			);
			defaultConfigurationIsVisible = 0;
			defaultConfigurationName = Release;
		};
/* End XCConfigurationList section */
	};
	rootObject = 60AB02A12C9DF0F5005B76A1 /* Project object */;
}
